
Microsoft Visual Studio Solution File, Format Version 12.00
# Visual Studio Version 16
VisualStudioVersion = 16.0.29102.190
MinimumVisualStudioVersion = 10.0.40219.1
Project("{FAE04EC0-301F-11D3-BF4B-00C04F79EFBC}") = "LibraryTemplate", "LibraryTemplate.csproj", "{50B538F4-AC92-4FFB-920D-BC9F2F79CEA7}"
EndProject
Global
	GlobalSection(SolutionConfigurationPlatforms) = preSolution
		Debug|Any CPU = Debug|Any CPU
		Release|Any CPU = Release|Any CPU
	EndGlobalSection
	GlobalSection(ProjectConfigurationPlatforms) = postSolution
		{50B538F4-AC92-4FFB-920D-BC9F2F79CEA7}.Debug|Any CPU.ActiveCfg = Debug|Any CPU
		{50B538F4-AC92-4FFB-920D-BC9F2F79CEA7}.Debug|Any CPU.Build.0 = Debug|Any CPU
		{50B538F4-AC92-4FFB-920D-BC9F2F79CEA7}.Release|Any CPU.ActiveCfg = Release|Any CPU
		{50B538F4-AC92-4FFB-920D-BC9F2F79CEA7}.Release|Any CPU.Build.0 = Release|Any CPU
	EndGlobalSection
	GlobalSection(SolutionProperties) = preSolution
		HideSolutionNode = FALSE
	EndGlobalSection
	GlobalSection(ExtensibilityGlobals) = postSolution
		SolutionGuid = {A2B74A1E-50D1-448F-909C-4B7D193F2806}
	EndGlobalSection
EndGlobal
